
Microsoft Visual Studio Solution File, Format Version 12.00
# Visual Studio Version 17
VisualStudioVersion = 17.1.32319.34
MinimumVisualStudioVersion = 10.0.40219.1
Project("{FAE04EC0-301F-11D3-BF4B-00C04F79EFBC}") = "GgCloudEx", "GgCloudEx.csproj", "{C3238E94-8CC7-42F4-B731-5EBE6F27D843}"
EndProject
Global
	GlobalSection(SolutionConfigurationPlatforms) = preSolution
		Debug|Any CPU = Debug|Any CPU
		Release|Any CPU = Release|Any CPU
	EndGlobalSection
	GlobalSection(ProjectConfigurationPlatforms) = postSolution
		{C3238E94-8CC7-42F4-B731-5EBE6F27D843}.Debug|Any CPU.ActiveCfg = Debug|Any CPU
		{C3238E94-8CC7-42F4-B731-5EBE6F27D843}.Debug|Any CPU.Build.0 = Debug|Any CPU
		{C3238E94-8CC7-42F4-B731-5EBE6F27D843}.Release|Any CPU.ActiveCfg = Release|Any CPU
		{C3238E94-8CC7-42F4-B731-5EBE6F27D843}.Release|Any CPU.Build.0 = Release|Any CPU
	EndGlobalSection
	GlobalSection(SolutionProperties) = preSolution
		HideSolutionNode = FALSE
	EndGlobalSection
	GlobalSection(ExtensibilityGlobals) = postSolution
		SolutionGuid = {A353565D-064F-4C3B-99DA-472B8CD0E25E}
	EndGlobalSection
EndGlobal
